// !$*UTF8*$!
{
	archiveVersion = 1;
	classes = {
	};
	objectVersion = 48;
	objects = {

/* Begin PBXBuildFile section */
		770406341FC4A53700508C00 /* GeneresViewController.swift in Sources */ = {isa = PBXBuildFile; fileRef = 770406331FC4A53700508C00 /* GeneresViewController.swift */; };
		770863521FC442BC002A6810 /* AppDelegate.swift in Sources */ = {isa = PBXBuildFile; fileRef = 770863511FC442BC002A6810 /* AppDelegate.swift */; };
		770863541FC442BC002A6810 /* ViewController.swift in Sources */ = {isa = PBXBuildFile; fileRef = 770863531FC442BC002A6810 /* ViewController.swift */; };
		770863571FC442BC002A6810 /* Main.storyboard in Resources */ = {isa = PBXBuildFile; fileRef = 770863551FC442BC002A6810 /* Main.storyboard */; };
		770863591FC442BC002A6810 /* Assets.xcassets in Resources */ = {isa = PBXBuildFile; fileRef = 770863581FC442BC002A6810 /* Assets.xcassets */; };
		7708635C1FC442BC002A6810 /* LaunchScreen.storyboard in Resources */ = {isa = PBXBuildFile; fileRef = 7708635A1FC442BC002A6810 /* LaunchScreen.storyboard */; };
		770863641FC44F83002A6810 /* MovieCollectionViewCell.swift in Sources */ = {isa = PBXBuildFile; fileRef = 770863631FC44F83002A6810 /* MovieCollectionViewCell.swift */; };
		770863681FC453F9002A6810 /* Utillity.swift in Sources */ = {isa = PBXBuildFile; fileRef = 770863671FC453F9002A6810 /* Utillity.swift */; };
		7708636A1FC4546B002A6810 /* UiUtillity.swift in Sources */ = {isa = PBXBuildFile; fileRef = 770863691FC4546B002A6810 /* UiUtillity.swift */; };
		7708636C1FC45B7D002A6810 /* MovieGenersAPI.swift in Sources */ = {isa = PBXBuildFile; fileRef = 7708636B1FC45B7D002A6810 /* MovieGenersAPI.swift */; };
		770863701FC45BB8002A6810 /* Constants.swift in Sources */ = {isa = PBXBuildFile; fileRef = 7708636F1FC45BB8002A6810 /* Constants.swift */; };
		770863721FC45FFB002A6810 /* Extensions.swift in Sources */ = {isa = PBXBuildFile; fileRef = 770863711FC45FFB002A6810 /* Extensions.swift */; };
		770863751FC46C7F002A6810 /* MovieGenereParser.swift in Sources */ = {isa = PBXBuildFile; fileRef = 770863741FC46C7F002A6810 /* MovieGenereParser.swift */; };
		770863781FC46CF3002A6810 /* MovieGeners.swift in Sources */ = {isa = PBXBuildFile; fileRef = 770863771FC46CF3002A6810 /* MovieGeners.swift */; };
		771C43A11FC628A600D58361 /* MovieDetailViewController.swift in Sources */ = {isa = PBXBuildFile; fileRef = 771C43A01FC628A600D58361 /* MovieDetailViewController.swift */; };
		779A4D631FC4C6D100A678AC /* MovieListAPICall.swift in Sources */ = {isa = PBXBuildFile; fileRef = 779A4D621FC4C6D100A678AC /* MovieListAPICall.swift */; };
		779A4D651FC4C8EC00A678AC /* MovieListParser.swift in Sources */ = {isa = PBXBuildFile; fileRef = 779A4D641FC4C8EC00A678AC /* MovieListParser.swift */; };
		779A4D671FC4C91B00A678AC /* MovieList.swift in Sources */ = {isa = PBXBuildFile; fileRef = 779A4D661FC4C91B00A678AC /* MovieList.swift */; };
		77BB2F211FC5AA28000E84A8 /* SearchMovieAPI.swift in Sources */ = {isa = PBXBuildFile; fileRef = 77BB2F201FC5AA28000E84A8 /* SearchMovieAPI.swift */; };
/* End PBXBuildFile section */

/* Begin PBXFileReference section */
		770406331FC4A53700508C00 /* GeneresViewController.swift */ = {isa = PBXFileReference; lastKnownFileType = sourcecode.swift; path = GeneresViewController.swift; sourceTree = "<group>"; };
		7708634E1FC442BC002A6810 /* Heady.app */ = {isa = PBXFileReference; explicitFileType = wrapper.application; includeInIndex = 0; path = Heady.app; sourceTree = BUILT_PRODUCTS_DIR; };
		770863511FC442BC002A6810 /* AppDelegate.swift */ = {isa = PBXFileReference; lastKnownFileType = sourcecode.swift; path = AppDelegate.swift; sourceTree = "<group>"; };
		770863531FC442BC002A6810 /* ViewController.swift */ = {isa = PBXFileReference; lastKnownFileType = sourcecode.swift; path = ViewController.swift; sourceTree = "<group>"; };
		770863561FC442BC002A6810 /* Base */ = {isa = PBXFileReference; lastKnownFileType = file.storyboard; name = Base; path = Base.lproj/Main.storyboard; sourceTree = "<group>"; };
		770863581FC442BC002A6810 /* Assets.xcassets */ = {isa = PBXFileReference; lastKnownFileType = folder.assetcatalog; path = Assets.xcassets; sourceTree = "<group>"; };
		7708635B1FC442BC002A6810 /* Base */ = {isa = PBXFileReference; lastKnownFileType = file.storyboard; name = Base; path = Base.lproj/LaunchScreen.storyboard; sourceTree = "<group>"; };
		7708635D1FC442BC002A6810 /* Info.plist */ = {isa = PBXFileReference; lastKnownFileType = text.plist.xml; path = Info.plist; sourceTree = "<group>"; };
		770863631FC44F83002A6810 /* MovieCollectionViewCell.swift */ = {isa = PBXFileReference; lastKnownFileType = sourcecode.swift; path = MovieCollectionViewCell.swift; sourceTree = "<group>"; };
		770863671FC453F9002A6810 /* Utillity.swift */ = {isa = PBXFileReference; lastKnownFileType = sourcecode.swift; path = Utillity.swift; sourceTree = "<group>"; };
		770863691FC4546B002A6810 /* UiUtillity.swift */ = {isa = PBXFileReference; lastKnownFileType = sourcecode.swift; path = UiUtillity.swift; sourceTree = "<group>"; };
		7708636B1FC45B7D002A6810 /* MovieGenersAPI.swift */ = {isa = PBXFileReference; lastKnownFileType = sourcecode.swift; path = MovieGenersAPI.swift; sourceTree = "<group>"; };
		7708636F1FC45BB8002A6810 /* Constants.swift */ = {isa = PBXFileReference; lastKnownFileType = sourcecode.swift; path = Constants.swift; sourceTree = "<group>"; };
		770863711FC45FFB002A6810 /* Extensions.swift */ = {isa = PBXFileReference; lastKnownFileType = sourcecode.swift; path = Extensions.swift; sourceTree = "<group>"; };
		770863741FC46C7F002A6810 /* MovieGenereParser.swift */ = {isa = PBXFileReference; lastKnownFileType = sourcecode.swift; path = MovieGenereParser.swift; sourceTree = "<group>"; };
		770863771FC46CF3002A6810 /* MovieGeners.swift */ = {isa = PBXFileReference; lastKnownFileType = sourcecode.swift; path = MovieGeners.swift; sourceTree = "<group>"; };
		771C43A01FC628A600D58361 /* MovieDetailViewController.swift */ = {isa = PBXFileReference; lastKnownFileType = sourcecode.swift; path = MovieDetailViewController.swift; sourceTree = "<group>"; };
		779A4D621FC4C6D100A678AC /* MovieListAPICall.swift */ = {isa = PBXFileReference; lastKnownFileType = sourcecode.swift; path = MovieListAPICall.swift; sourceTree = "<group>"; };
		779A4D641FC4C8EC00A678AC /* MovieListParser.swift */ = {isa = PBXFileReference; lastKnownFileType = sourcecode.swift; path = MovieListParser.swift; sourceTree = "<group>"; };
		779A4D661FC4C91B00A678AC /* MovieList.swift */ = {isa = PBXFileReference; lastKnownFileType = sourcecode.swift; path = MovieList.swift; sourceTree = "<group>"; };
		77BB2F201FC5AA28000E84A8 /* SearchMovieAPI.swift */ = {isa = PBXFileReference; lastKnownFileType = sourcecode.swift; path = SearchMovieAPI.swift; sourceTree = "<group>"; };
/* End PBXFileReference section */

/* Begin PBXFrameworksBuildPhase section */
		7708634B1FC442BC002A6810 /* Frameworks */ = {
			isa = PBXFrameworksBuildPhase;
			buildActionMask = 2147483647;
			files = (
			);
			runOnlyForDeploymentPostprocessing = 0;
		};
/* End PBXFrameworksBuildPhase section */

/* Begin PBXGroup section */
		770863451FC442BC002A6810 = {
			isa = PBXGroup;
			children = (
				770863501FC442BC002A6810 /* Heady */,
				7708634F1FC442BC002A6810 /* Products */,
			);
			sourceTree = "<group>";
		};
		7708634F1FC442BC002A6810 /* Products */ = {
			isa = PBXGroup;
			children = (
				7708634E1FC442BC002A6810 /* Heady.app */,
			);
			name = Products;
			sourceTree = "<group>";
		};
		770863501FC442BC002A6810 /* Heady */ = {
			isa = PBXGroup;
			children = (
				77BB2F261FC60F1B000E84A8 /* Controller */,
				770863791FC497A1002A6810 /* View */,
				770863761FC46CD2002A6810 /* Model */,
				770863731FC46C6F002A6810 /* Parser */,
				770863661FC45267002A6810 /* Common */,
				770863651FC45259002A6810 /* API Call */,
				770863511FC442BC002A6810 /* AppDelegate.swift */,
				770863551FC442BC002A6810 /* Main.storyboard */,
				770863581FC442BC002A6810 /* Assets.xcassets */,
				7708635A1FC442BC002A6810 /* LaunchScreen.storyboard */,
				7708635D1FC442BC002A6810 /* Info.plist */,
			);
			path = Heady;
			sourceTree = "<group>";
		};
		770863651FC45259002A6810 /* API Call */ = {
			isa = PBXGroup;
			children = (
				7708636B1FC45B7D002A6810 /* MovieGenersAPI.swift */,
				779A4D621FC4C6D100A678AC /* MovieListAPICall.swift */,
				77BB2F201FC5AA28000E84A8 /* SearchMovieAPI.swift */,
			);
			path = "API Call";
			sourceTree = "<group>";
		};
		770863661FC45267002A6810 /* Common */ = {
			isa = PBXGroup;
			children = (
				770863671FC453F9002A6810 /* Utillity.swift */,
				770863691FC4546B002A6810 /* UiUtillity.swift */,
				7708636F1FC45BB8002A6810 /* Constants.swift */,
				770863711FC45FFB002A6810 /* Extensions.swift */,
			);
			path = Common;
			sourceTree = "<group>";
		};
		770863731FC46C6F002A6810 /* Parser */ = {
			isa = PBXGroup;
			children = (
				770863741FC46C7F002A6810 /* MovieGenereParser.swift */,
				779A4D641FC4C8EC00A678AC /* MovieListParser.swift */,
			);
			path = Parser;
			sourceTree = "<group>";
		};
		770863761FC46CD2002A6810 /* Model */ = {
			isa = PBXGroup;
			children = (
				770863771FC46CF3002A6810 /* MovieGeners.swift */,
				779A4D661FC4C91B00A678AC /* MovieList.swift */,
			);
			path = Model;
			sourceTree = "<group>";
		};
		770863791FC497A1002A6810 /* View */ = {
			isa = PBXGroup;
			children = (
				770863631FC44F83002A6810 /* MovieCollectionViewCell.swift */,
			);
			path = View;
			sourceTree = "<group>";
		};
		77BB2F261FC60F1B000E84A8 /* Controller */ = {
			isa = PBXGroup;
			children = (
				770863531FC442BC002A6810 /* ViewController.swift */,
				770406331FC4A53700508C00 /* GeneresViewController.swift */,
				771C43A01FC628A600D58361 /* MovieDetailViewController.swift */,
			);
			path = Controller;
			sourceTree = "<group>";
		};
/* End PBXGroup section */

/* Begin PBXNativeTarget section */
		7708634D1FC442BC002A6810 /* Heady */ = {
			isa = PBXNativeTarget;
			buildConfigurationList = 770863601FC442BC002A6810 /* Build configuration list for PBXNativeTarget "Heady" */;
			buildPhases = (
				7708634A1FC442BC002A6810 /* Sources */,
				7708634B1FC442BC002A6810 /* Frameworks */,
				7708634C1FC442BC002A6810 /* Resources */,
			);
			buildRules = (
			);
			dependencies = (
			);
			name = Heady;
			productName = Heady;
			productReference = 7708634E1FC442BC002A6810 /* Heady.app */;
			productType = "com.apple.product-type.application";
		};
/* End PBXNativeTarget section */

/* Begin PBXProject section */
		770863461FC442BC002A6810 /* Project object */ = {
			isa = PBXProject;
			attributes = {
				LastSwiftUpdateCheck = 0910;
				LastUpgradeCheck = 0910;
				ORGANIZATIONNAME = mayur;
				TargetAttributes = {
					7708634D1FC442BC002A6810 = {
						CreatedOnToolsVersion = 9.1;
						ProvisioningStyle = Automatic;
					};
				};
			};
			buildConfigurationList = 770863491FC442BC002A6810 /* Build configuration list for PBXProject "Heady" */;
			compatibilityVersion = "Xcode 8.0";
			developmentRegion = en;
			hasScannedForEncodings = 0;
			knownRegions = (
				en,
				Base,
			);
			mainGroup = 770863451FC442BC002A6810;
			productRefGroup = 7708634F1FC442BC002A6810 /* Products */;
			projectDirPath = "";
			projectRoot = "";
			targets = (
				7708634D1FC442BC002A6810 /* Heady */,
			);
		};
/* End PBXProject section */

/* Begin PBXResourcesBuildPhase section */
		7708634C1FC442BC002A6810 /* Resources */ = {
			isa = PBXResourcesBuildPhase;
			buildActionMask = 2147483647;
			files = (
				7708635C1FC442BC002A6810 /* LaunchScreen.storyboard in Resources */,
				770863591FC442BC002A6810 /* Assets.xcassets in Resources */,
				770863571FC442BC002A6810 /* Main.storyboard in Resources */,
			);
			runOnlyForDeploymentPostprocessing = 0;
		};
/* End PBXResourcesBuildPhase section */

/* Begin PBXSourcesBuildPhase section */
		7708634A1FC442BC002A6810 /* Sources */ = {
			isa = PBXSourcesBuildPhase;
			buildActionMask = 2147483647;
			files = (
				770863641FC44F83002A6810 /* MovieCollectionViewCell.swift in Sources */,
				770863751FC46C7F002A6810 /* MovieGenereParser.swift in Sources */,
				770863681FC453F9002A6810 /* Utillity.swift in Sources */,
				779A4D631FC4C6D100A678AC /* MovieListAPICall.swift in Sources */,
				770863541FC442BC002A6810 /* ViewController.swift in Sources */,
				770863721FC45FFB002A6810 /* Extensions.swift in Sources */,
				779A4D671FC4C91B00A678AC /* MovieList.swift in Sources */,
				770406341FC4A53700508C00 /* GeneresViewController.swift in Sources */,
				7708636C1FC45B7D002A6810 /* MovieGenersAPI.swift in Sources */,
				770863701FC45BB8002A6810 /* Constants.swift in Sources */,
				770863521FC442BC002A6810 /* AppDelegate.swift in Sources */,
				770863781FC46CF3002A6810 /* MovieGeners.swift in Sources */,
				771C43A11FC628A600D58361 /* MovieDetailViewController.swift in Sources */,
				77BB2F211FC5AA28000E84A8 /* SearchMovieAPI.swift in Sources */,
				779A4D651FC4C8EC00A678AC /* MovieListParser.swift in Sources */,
				7708636A1FC4546B002A6810 /* UiUtillity.swift in Sources */,
			);
			runOnlyForDeploymentPostprocessing = 0;
		};
/* End PBXSourcesBuildPhase section */

/* Begin PBXVariantGroup section */
		770863551FC442BC002A6810 /* Main.storyboard */ = {
			isa = PBXVariantGroup;
			children = (
				770863561FC442BC002A6810 /* Base */,
			);
			name = Main.storyboard;
			sourceTree = "<group>";
		};
		7708635A1FC442BC002A6810 /* LaunchScreen.storyboard */ = {
			isa = PBXVariantGroup;
			children = (
				7708635B1FC442BC002A6810 /* Base */,
			);
			name = LaunchScreen.storyboard;
			sourceTree = "<group>";
		};
/* End PBXVariantGroup section */

/* Begin XCBuildConfiguration section */
		7708635E1FC442BC002A6810 /* Debug */ = {
			isa = XCBuildConfiguration;
			buildSettings = {
				ALWAYS_SEARCH_USER_PATHS = NO;
				CLANG_ANALYZER_NONNULL = YES;
				CLANG_ANALYZER_NUMBER_OBJECT_CONVERSION = YES_AGGRESSIVE;
				CLANG_CXX_LANGUAGE_STANDARD = "gnu++14";
				CLANG_CXX_LIBRARY = "libc++";
				CLANG_ENABLE_MODULES = YES;
				CLANG_ENABLE_OBJC_ARC = YES;
				CLANG_WARN_BLOCK_CAPTURE_AUTORELEASING = YES;
				CLANG_WARN_BOOL_CONVERSION = YES;
				CLANG_WARN_COMMA = YES;
				CLANG_WARN_CONSTANT_CONVERSION = YES;
				CLANG_WARN_DIRECT_OBJC_ISA_USAGE = YES_ERROR;
				CLANG_WARN_DOCUMENTATION_COMMENTS = YES;
				CLANG_WARN_EMPTY_BODY = YES;
				CLANG_WARN_ENUM_CONVERSION = YES;
				CLANG_WARN_INFINITE_RECURSION = YES;
				CLANG_WARN_INT_CONVERSION = YES;
				CLANG_WARN_NON_LITERAL_NULL_CONVERSION = YES;
				CLANG_WARN_OBJC_LITERAL_CONVERSION = YES;
				CLANG_WARN_OBJC_ROOT_CLASS = YES_ERROR;
				CLANG_WARN_RANGE_LOOP_ANALYSIS = YES;
				CLANG_WARN_STRICT_PROTOTYPES = YES;
				CLANG_WARN_SUSPICIOUS_MOVE = YES;
				CLANG_WARN_UNGUARDED_AVAILABILITY = YES_AGGRESSIVE;
				CLANG_WARN_UNREACHABLE_CODE = YES;
				CLANG_WARN__DUPLICATE_METHOD_MATCH = YES;
				CODE_SIGN_IDENTITY = "iPhone Developer";
				COPY_PHASE_STRIP = NO;
				DEBUG_INFORMATION_FORMAT = dwarf;
				ENABLE_STRICT_OBJC_MSGSEND = YES;
				ENABLE_TESTABILITY = YES;
				GCC_C_LANGUAGE_STANDARD = gnu11;
				GCC_DYNAMIC_NO_PIC = NO;
				GCC_NO_COMMON_BLOCKS = YES;
				GCC_OPTIMIZATION_LEVEL = 0;
				GCC_PREPROCESSOR_DEFINITIONS = (
					"DEBUG=1",
					"$(inherited)",
				);
				GCC_WARN_64_TO_32_BIT_CONVERSION = YES;
				GCC_WARN_ABOUT_RETURN_TYPE = YES_ERROR;
				GCC_WARN_UNDECLARED_SELECTOR = YES;
				GCC_WARN_UNINITIALIZED_AUTOS = YES_AGGRESSIVE;
				GCC_WARN_UNUSED_FUNCTION = YES;
				GCC_WARN_UNUSED_VARIABLE = YES;
				IPHONEOS_DEPLOYMENT_TARGET = 11.1;
				MTL_ENABLE_DEBUG_INFO = YES;
				ONLY_ACTIVE_ARCH = YES;
				SDKROOT = iphoneos;
				SWIFT_ACTIVE_COMPILATION_CONDITIONS = DEBUG;
				SWIFT_OPTIMIZATION_LEVEL = "-Onone";
			};
			name = Debug;
		};
		7708635F1FC442BC002A6810 /* Release */ = {
			isa = XCBuildConfiguration;
			buildSettings = {
				ALWAYS_SEARCH_USER_PATHS = NO;
				CLANG_ANALYZER_NONNULL = YES;
				CLANG_ANALYZER_NUMBER_OBJECT_CONVERSION = YES_AGGRESSIVE;
				CLANG_CXX_LANGUAGE_STANDARD = "gnu++14";
				CLANG_CXX_LIBRARY = "libc++";
				CLANG_ENABLE_MODULES = YES;
				CLANG_ENABLE_OBJC_ARC = YES;
				CLANG_WARN_BLOCK_CAPTURE_AUTORELEASING = YES;
				CLANG_WARN_BOOL_CONVERSION = YES;
				CLANG_WARN_COMMA = YES;
				CLANG_WARN_CONSTANT_CONVERSION = YES;
				CLANG_WARN_DIRECT_OBJC_ISA_USAGE = YES_ERROR;
				CLANG_WARN_DOCUMENTATION_COMMENTS = YES;
				CLANG_WARN_EMPTY_BODY = YES;
				CLANG_WARN_ENUM_CONVERSION = YES;
				CLANG_WARN_INFINITE_RECURSION = YES;
				CLANG_WARN_INT_CONVERSION = YES;
				CLANG_WARN_NON_LITERAL_NULL_CONVERSION = YES;
				CLANG_WARN_OBJC_LITERAL_CONVERSION = YES;
				CLANG_WARN_OBJC_ROOT_CLASS = YES_ERROR;
				CLANG_WARN_RANGE_LOOP_ANALYSIS = YES;
				CLANG_WARN_STRICT_PROTOTYPES = YES;
				CLANG_WARN_SUSPICIOUS_MOVE = YES;
				CLANG_WARN_UNGUARDED_AVAILABILITY = YES_AGGRESSIVE;
				CLANG_WARN_UNREACHABLE_CODE = YES;
				CLANG_WARN__DUPLICATE_METHOD_MATCH = YES;
				CODE_SIGN_IDENTITY = "iPhone Developer";
				COPY_PHASE_STRIP = NO;
				DEBUG_INFORMATION_FORMAT = "dwarf-with-dsym";
				ENABLE_NS_ASSERTIONS = NO;
				ENABLE_STRICT_OBJC_MSGSEND = YES;
				GCC_C_LANGUAGE_STANDARD = gnu11;
				GCC_NO_COMMON_BLOCKS = YES;
				GCC_WARN_64_TO_32_BIT_CONVERSION = YES;
				GCC_WARN_ABOUT_RETURN_TYPE = YES_ERROR;
				GCC_WARN_UNDECLARED_SELECTOR = YES;
				GCC_WARN_UNINITIALIZED_AUTOS = YES_AGGRESSIVE;
				GCC_WARN_UNUSED_FUNCTION = YES;
				GCC_WARN_UNUSED_VARIABLE = YES;
				IPHONEOS_DEPLOYMENT_TARGET = 11.1;
				MTL_ENABLE_DEBUG_INFO = NO;
				SDKROOT = iphoneos;
				SWIFT_OPTIMIZATION_LEVEL = "-Owholemodule";
				VALIDATE_PRODUCT = YES;
			};
			name = Release;
		};
		770863611FC442BC002A6810 /* Debug */ = {
			isa = XCBuildConfiguration;
			buildSettings = {
				ASSETCATALOG_COMPILER_APPICON_NAME = AppIcon;
				CODE_SIGN_STYLE = Automatic;
				DEVELOPMENT_TEAM = 762SG388QT;
				INFOPLIST_FILE = Heady/Info.plist;
				IPHONEOS_DEPLOYMENT_TARGET = 10.0;
				LD_RUNPATH_SEARCH_PATHS = "$(inherited) @executable_path/Frameworks";
				PRODUCT_BUNDLE_IDENTIFIER = com.mayur.Heady;
				PRODUCT_NAME = "$(TARGET_NAME)";
				SWIFT_VERSION = 4.0;
				TARGETED_DEVICE_FAMILY = 1;
			};
			name = Debug;
		};
		770863621FC442BC002A6810 /* Release */ = {
			isa = XCBuildConfiguration;
			buildSettings = {
				ASSETCATALOG_COMPILER_APPICON_NAME = AppIcon;
				CODE_SIGN_STYLE = Automatic;
				DEVELOPMENT_TEAM = 762SG388QT;
				INFOPLIST_FILE = Heady/Info.plist;
				IPHONEOS_DEPLOYMENT_TARGET = 10.0;
				LD_RUNPATH_SEARCH_PATHS = "$(inherited) @executable_path/Frameworks";
				PRODUCT_BUNDLE_IDENTIFIER = com.mayur.Heady;
				PRODUCT_NAME = "$(TARGET_NAME)";
				SWIFT_VERSION = 4.0;
				TARGETED_DEVICE_FAMILY = 1;
			};
			name = Release;
		};
/* End XCBuildConfiguration section */

/* Begin XCConfigurationList section */
		770863491FC442BC002A6810 /* Build configuration list for PBXProject "Heady" */ = {
			isa = XCConfigurationList;
			buildConfigurations = (
				7708635E1FC442BC002A6810 /* Debug */,
				7708635F1FC442BC002A6810 /* Release */,
			);
			defaultConfigurationIsVisible = 0;
			defaultConfigurationName = Release;
		};
		770863601FC442BC002A6810 /* Build configuration list for PBXNativeTarget "Heady" */ = {
			isa = XCConfigurationList;
			buildConfigurations = (
				770863611FC442BC002A6810 /* Debug */,
				770863621FC442BC002A6810 /* Release */,
			);
			defaultConfigurationIsVisible = 0;
			defaultConfigurationName = Release;
		};
/* End XCConfigurationList section */
	};
	rootObject = 770863461FC442BC002A6810 /* Project object */;
}
